{
    "_meta": {
        "hash": {
            "sha256": "db293e6c3ef0919eb17ce9eabbe210acb39b471c382a9e265275d8872adae208"
        },
        "pipfile-spec": 6,
        "requires": {
            "python_version": "3.8"
        },
        "sources": [
            {
                "name": "pypi",
                "url": "https://pypi.org/simple",
                "verify_ssl": true
            }
        ]
    },
    "default": {
        "coverage": {
            "hashes": [
                "sha256:04560539c19ec26995ecfb3d9307ff154fbb9a172cb57e3b3cfc4ced673103d1",
                "sha256:1549e1d08ce38259de2bc3e9a0d5f3642ff4a8f500ffc1b2df73fd621a6cdfc0",
                "sha256:1db67c497688fd4ba85b373b37cc52c50d437fd7267520ecd77bddbd89ea22c9",
                "sha256:30922626ce6f7a5a30bdba984ad21021529d3d05a68b4f71ea3b16bda35b8895",
                "sha256:36e9040a43d2017f2787b28d365a4bb33fcd792c7ff46a047a04094dc0e2a30d",
                "sha256:381d773d896cc7f8ba4ff3b92dee4ed740fb88dfe33b6e42efc5e8ab6dfa1cfe",
                "sha256:3bbda1b550e70fa6ac40533d3f23acd4f4e9cb4e6e77251ce77fdf41b3309fb2",
                "sha256:3be1206dc09fb6298de3fce70593e27436862331a85daee36270b6d0e1c251c4",
                "sha256:424c44f65e8be58b54e2b0bd1515e434b940679624b1b72726147cfc6a9fc7ce",
                "sha256:4b34ae4f51bbfa5f96b758b55a163d502be3dcb24f505d0227858c2b3f94f5b9",
                "sha256:4e28d2a195c533b58fc94a12826f4431726d8eb029ac21d874345f943530c122",
                "sha256:53a294dc53cfb39c74758edaa6305193fb4258a30b1f6af24b360a6c8bd0ffa7",
                "sha256:60e51a3dd55540bec686d7fff61b05048ca31e804c1f32cbb44533e6372d9cc3",
                "sha256:61b598cbdbaae22d9e34e3f675997194342f866bb1d781da5d0be54783dce1ff",
                "sha256:6807947a09510dc31fa86f43595bf3a14017cd60bf633cc746d52141bfa6b149",
                "sha256:6a6a9409223a27d5ef3cca57dd7cd4dfcb64aadf2fad5c3b787830ac9223e01a",
                "sha256:7092eab374346121805fb637572483270324407bf150c30a3b161fc0c4ca5164",
                "sha256:77b1da5767ed2f44611bc9bc019bc93c03fa495728ec389759b6e9e5039ac6b1",
                "sha256:8251b37be1f2cd9c0e5ccd9ae0380909c24d2a5ed2162a41fcdbafaf59a85ebd",
                "sha256:9f1627e162e3864a596486774876415a7410021f4b67fd2d9efdf93ade681afc",
                "sha256:a1b73c7c4d2a42b9d37dd43199c5711d91424ff3c6c22681bc132db4a4afec6f",
                "sha256:a82d79586a0a4f5fd1cf153e647464ced402938fbccb3ffc358c7babd4da1dd9",
                "sha256:abbff240f77347d17306d3201e14431519bf64495648ca5a49571f988f88dee9",
                "sha256:ad9b8c1206ae41d46ec7380b78ba735ebb77758a650643e841dd3894966c31d0",
                "sha256:bbffde2a68398682623d9dd8c0ca3f46fda074709b26fcf08ae7a4c431a6ab2d",
                "sha256:bcae10fccb27ca2a5f456bf64d84110a5a74144be3136a5e598f9d9fb48c0caa",
                "sha256:c9cd3828bbe1a40070c11fe16a51df733fd2f0cb0d745fb83b7b5c1f05967df7",
                "sha256:cd1cf1deb3d5544bd942356364a2fdc8959bad2b6cf6eb17f47d301ea34ae822",
                "sha256:d036dc1ed8e1388e995833c62325df3f996675779541f682677efc6af71e96cc",
                "sha256:db42baa892cba723326284490283a68d4de516bfb5aaba369b4e3b2787a778b7",
                "sha256:e4fb7ced4d9dec77d6cf533acfbf8e1415fe799430366affb18d69ee8a3c6330",
                "sha256:e7a0b42db2a47ecb488cde14e0f6c7679a2c5a9f44814393b162ff6397fcdfbb",
                "sha256:f2f184bf38e74f152eed7f87e345b51f3ab0b703842f447c22efe35e59942c24"
            ],
            "index": "pypi",
            "version": "==6.0.2"
        },
        "install": {
            "hashes": [
                "sha256:1455304a2475b6753a9b0c28243ca7d8b7d71aeea1a88e6de94034fc57d765a0",
                "sha256:dfec614e0cc90f00659067a078bc2ec032d9f0758f3df230c073eeaffd0cefa1"
            ],
            "index": "pypi",
            "version": "==1.3.4"
        },
        "pygame": {
            "hashes": [
                "sha256:02f686619042c15c5c965ca1887f1bb598ac7c8246ae6e0a69c94b96a98cce99",
                "sha256:0a5f786d7dd6ab02ed057192bcab6fcf98dc0013f498dc44d2266a14a27e1b3a",
                "sha256:0ac8188b499221643042010e5bed44365723e4bc7fa46adac05fbeaf82a4ef29",
                "sha256:0b6d626fba8d6a0babbc825912120c22f5fcb58fd3ecedd2ee8e51ce3f7f75d2",
                "sha256:0b7989c1a487f8c19451e6048d34efbab6aef42044120d5186ae2c510a4e353a",
                "sha256:16595ecbe00006674edd4ac0faed0f5094685905986d3002ad549125811d3612",
                "sha256:1b49370d821580a40ced7beffc98178108994725529580a494385fcd527f98ab",
                "sha256:1b9c6f49cfbc4588876cdb1ced3e288d8966e59b570eee295ada0f9d5252316f",
                "sha256:1ff6f910360a36298e7dedc898a790c8b055a79511105c9c72c75ba16788a2e8",
                "sha256:2a3367dba6d9dfcffa63882ae93525588af6d405744786202797e95298057b2f",
                "sha256:2ad2ffd1e3308cb231df0f1376992b3e3c38f2418d1f140410b847e43c271dcc",
                "sha256:31cfcab36fc47ab3339c18779d159cda4fc3afa54e877169536dda83fb2d5a29",
                "sha256:38283e3ad4a86f2c027c7d7bb1aedb06676ec61b045daebbc521c62aed7b3f09",
                "sha256:4801f67f39556533ec8f2fbdd183fc3b2bbef8538b92ff8c3795c159dc9266fc",
                "sha256:52b8d65c07f90f53af139e6a756b749878360b2b609baaf239f7a5a025e0b50f",
                "sha256:53b9605ef4eab65859bf556a23af1e294435c58fa4cc6b0bc76390298fac9f69",
                "sha256:5549ba1b63bfdf34a02c348c53d27e67f20c84c613179219aaff1d175a3c28b4",
                "sha256:57f644edfd51efb858c51405f00be4e668d6a72c84693a2e6e0d52f918f0180c",
                "sha256:60605f59c82687fb0748614a5431f0c1da4de28422eb08313279f1fa5423d44e",
                "sha256:62686179ffd467345aa1129c8ba2c508d248fc923dab18f051b05866a8c766e3",
                "sha256:636131cae2a3318331c8cf308d347e40031087187b42fcb7d5e7fa2d86659c97",
                "sha256:6650ebe7fda9460fd5eac47acdc011db07cb927c31ccefc7ec1158ebcbf5cfc8",
                "sha256:6f9c4cc2b3ad0a107e9ade653937f119984972021e94bc989945946052521386",
                "sha256:70095c93efdc4deac237da7a8a2866b7b365138074277795cc28bd884eaf2e82",
                "sha256:7b8cd3999010be8cbac52c808862bae6281b7930fe42d818ce50bb173986ab63",
                "sha256:804df0ac88be32be5ff644e3eee33c68bc40a4a7a6f9d78d1966805a43e6acc1",
                "sha256:836975d33f3f8d5f114b37425d23a6279e23d50050f0d5fde59dde6720b95d05",
                "sha256:9502145bc9c991f19e81f2369c2ff2d5937842baa69862d13f804d50fe06a476",
                "sha256:9c19957ec0cfc32dd3010d8c67d3f16a9b15d356d300cfc872d63aa4f225b41e",
                "sha256:9e02bdd3c2e454832f2a0865d80415f3c409fa52eec099efde0fbd339724a776",
                "sha256:9edb7178252a9ec4b7bba6dfbfb8fa6a1d03f7016a779511b6594604cd967f7e",
                "sha256:a3177d68ea5d764ff43c7780c539e1b970ec14925aca36fd360378bc7a574f24",
                "sha256:a46ed3d2b8e05842988cc46def95febcc2c7b850a5c9a130bcab51cd90d8f05d",
                "sha256:a5fe3ef432aeca24fb58398eeb6cf9ae722a4d6a8d18e739edb61af7cf19645f",
                "sha256:a81614f795852cbeb3472a9e7e4425604f3349f010358c864d267129d9de4e61",
                "sha256:ab708c91ab2218381f34733771d9fda083a7ea5879a6bbb1029e217f4c205f29",
                "sha256:b357d45a018098bdbe309969320465b1f2054966e31924d828838f710cd048fa",
                "sha256:b698556f076f85742d49cf88e4def7d71edb80a3475cc3135dc2ef399e2d4fff",
                "sha256:be6601a2a294406e9ad8501e2034ecf9b98fd147f325013033c1d589e653ddbc",
                "sha256:c82f82d44843f38e96daaccf4e93efc43299c732b0a255b14729173a65fe8272",
                "sha256:d5a5bcc9fa8f3d5899e95ca3506e2084db1b7ede2e196e2877e7e00ff4b7749e",
                "sha256:d8cd73e389db5ef0f6561b46fbf9ea77282c93d04203a6d5a6188f915f869ad8",
                "sha256:e3acaaa7991f6e7042fd5f8bb1676ca812712522366ee87e72cfc52a55a22385",
                "sha256:ec58a13998ef77f83399047aa0df50441f8da39d84c15221bfc67395124800aa",
                "sha256:f45fa0731f329b162ce324797aa365a362162cb74a38c87e46f0e670f5f30cf3",
                "sha256:f7057425307b4759dcda6476d82d35b14c15a44c7c78bb0cc713652b8dd00a87",
                "sha256:fd564276eb2b8bbfb0fff1290cb8f2daa1d4710113dc983c9b24e68aac99d03d"
            ],
            "index": "pypi",
            "version": "==2.0.2"
        }
    },
    "develop": {}
}
