{
    "_meta": {
        "hash": {
            "sha256": "db293e6c3ef0919eb17ce9eabbe210acb39b471c382a9e265275d8872adae208"
        },
        "pipfile-spec": 6,
        "requires": {
            "python_version": "3.8"
        },
        "sources": [
            {
                "name": "pypi",
                "url": "https://pypi.org/simple",
                "verify_ssl": true
            }
        ]
    },
    "default": {
        "coverage": {
            "hashes": [
                "sha256:0147f7833c41927d84f5af9219d9b32f875c0689e5e74ac8ca3cb61e73a698f9",
                "sha256:04a92a6cf9afd99f9979c61348ec79725a9f9342fb45e63c889e33c04610d97b",
                "sha256:10ab138b153e4cc408b43792cb7f518f9ee02f4ff55cd1ab67ad6fd7e9905c7e",
                "sha256:2e5b9c17a56b8bf0c0a9477fcd30d357deb486e4e1b389ed154f608f18556c8a",
                "sha256:326d944aad0189603733d646e8d4a7d952f7145684da973c463ec2eefe1387c2",
                "sha256:359a32515e94e398a5c0fa057e5887a42e647a9502d8e41165cf5cb8d3d1ca67",
                "sha256:35cd2230e1ed76df7d0081a997f0fe705be1f7d8696264eb508076e0d0b5a685",
                "sha256:3b270c6b48d3ff5a35deb3648028ba2643ad8434b07836782b1139cf9c66313f",
                "sha256:42a1fb5dee3355df90b635906bb99126faa7936d87dfc97eacc5293397618cb7",
                "sha256:479228e1b798d3c246ac89b09897ee706c51b3e5f8f8d778067f38db73ccc717",
                "sha256:4cd919057636f63ab299ccb86ea0e78b87812400c76abab245ca385f17d19fb5",
                "sha256:4d8b453764b9b26b0dd2afb83086a7c3f9379134e340288d2a52f8a91592394b",
                "sha256:51a441011a30d693e71dea198b2a6f53ba029afc39f8e2aeb5b77245c1b282ef",
                "sha256:557594a50bfe3fb0b1b57460f6789affe8850ad19c1acf2d14a3e12b2757d489",
                "sha256:572f917267f363101eec375c109c9c1118037c7cc98041440b5eabda3185ac7b",
                "sha256:62512c0ec5d307f56d86504c58eace11c1bc2afcdf44e3ff20de8ca427ca1d0e",
                "sha256:65ad3ff837c89a229d626b8004f0ee32110f9bfdb6a88b76a80df36ccc60d926",
                "sha256:666c6b32b69e56221ad1551d377f718ed00e6167c7a1b9257f780b105a101271",
                "sha256:6e994003e719458420e14ffb43c08f4c14990e20d9e077cb5cad7a3e419bbb54",
                "sha256:72bf437d54186d104388cbae73c9f2b0f8a3e11b6e8d7deb593bd14625c96026",
                "sha256:738e823a746841248b56f0f3bd6abf3b73af191d1fd65e4c723b9c456216f0ad",
                "sha256:78287731e3601ea5ce9d6468c82d88a12ef8fe625d6b7bdec9b45d96c1ad6533",
                "sha256:7833c872718dc913f18e51ee97ea0dece61d9930893a58b20b3daf09bb1af6b6",
                "sha256:7e083d32965d2eb6638a77e65b622be32a094fdc0250f28ce6039b0732fbcaa8",
                "sha256:8186b5a4730c896cbe1e4b645bdc524e62d874351ae50e1db7c3e9f5dc81dc26",
                "sha256:8605add58e6a960729aa40c0fd9a20a55909dd9b586d3e8104cc7f45869e4c6b",
                "sha256:977ce557d79577a3dd510844904d5d968bfef9489f512be65e2882e1c6eed7d8",
                "sha256:994ce5a7b3d20981b81d83618aa4882f955bfa573efdbef033d5632b58597ba9",
                "sha256:9ad5895938a894c368d49d8470fe9f519909e5ebc6b8f8ea5190bd0df6aa4271",
                "sha256:9eb0a1923354e0fdd1c8a6f53f5db2e6180d670e2b587914bf2e79fa8acfd003",
                "sha256:a00284dbfb53b42e35c7dd99fc0e26ef89b4a34efff68078ed29d03ccb28402a",
                "sha256:a11a2c019324fc111485e79d55907e7289e53d0031275a6c8daed30690bc50c0",
                "sha256:ab6a0fe4c96f8058d41948ddf134420d3ef8c42d5508b5a341a440cce7a37a1d",
                "sha256:ae6de0e41f44794e68d23644636544ed8003ce24845f213b24de097cbf44997f",
                "sha256:b1d0a1bce919de0dd8da5cff4e616b2d9e6ebf3bd1410ff645318c3dd615010a",
                "sha256:b8e4f15b672c9156c1154249a9c5746e86ac9ae9edc3799ee3afebc323d9d9e0",
                "sha256:bbca34dca5a2d60f81326d908d77313816fad23d11b6069031a3d6b8c97a54f9",
                "sha256:bf656cd74ff7b4ed7006cdb2a6728150aaad69c7242b42a2a532f77b63ea233f",
                "sha256:c40966b683d92869b72ea3c11fd6b99a091fd30e12652727eca117273fc97366",
                "sha256:c95257aa2ccf75d3d91d772060538d5fea7f625e48157f8ca44594f94d41cb33",
                "sha256:db2797ed7a7e883b9ab76e8e778bb4c859fc2037d6fd0644d8675e64d58d1653",
                "sha256:dc5023be1c2a8b0a0ab5e31389e62c28b2453eb31dd069f4b8d1a0f9814d951a",
                "sha256:e14bceb1f3ae8a14374be2b2d7bc12a59226872285f91d66d301e5f41705d4d6",
                "sha256:e3c4f5211394cd0bf6874ac5d29684a495f9c374919833dcfff0bd6d37f96201",
                "sha256:e76f017b6d4140a038c5ff12be1581183d7874e41f1c0af58ecf07748d36a336",
                "sha256:e7d5606b9240ed4def9cbdf35be4308047d11e858b9c88a6c26974758d6225ce",
                "sha256:f0f80e323a17af63eac6a9db0c9188c10f1fd815c3ab299727150cc0eb92c7a4",
                "sha256:fb2fa2f6506c03c48ca42e3fe5a692d7470d290c047ee6de7c0f3e5fa7639ac9",
                "sha256:ffa8fee2b1b9e60b531c4c27cf528d6b5d5da46b1730db1f4d6eee56ff282e07"
            ],
            "index": "pypi",
            "version": "==6.1.1"
        },
        "install": {
            "hashes": [
                "sha256:1455304a2475b6753a9b0c28243ca7d8b7d71aeea1a88e6de94034fc57d765a0",
                "sha256:dfec614e0cc90f00659067a078bc2ec032d9f0758f3df230c073eeaffd0cefa1"
            ],
            "index": "pypi",
            "version": "==1.3.4"
        },
        "pygame": {
            "hashes": [
                "sha256:02f686619042c15c5c965ca1887f1bb598ac7c8246ae6e0a69c94b96a98cce99",
                "sha256:0a5f786d7dd6ab02ed057192bcab6fcf98dc0013f498dc44d2266a14a27e1b3a",
                "sha256:0ac8188b499221643042010e5bed44365723e4bc7fa46adac05fbeaf82a4ef29",
                "sha256:0b6d626fba8d6a0babbc825912120c22f5fcb58fd3ecedd2ee8e51ce3f7f75d2",
                "sha256:0b7989c1a487f8c19451e6048d34efbab6aef42044120d5186ae2c510a4e353a",
                "sha256:16595ecbe00006674edd4ac0faed0f5094685905986d3002ad549125811d3612",
                "sha256:1b49370d821580a40ced7beffc98178108994725529580a494385fcd527f98ab",
                "sha256:1b9c6f49cfbc4588876cdb1ced3e288d8966e59b570eee295ada0f9d5252316f",
                "sha256:1ff6f910360a36298e7dedc898a790c8b055a79511105c9c72c75ba16788a2e8",
                "sha256:2a3367dba6d9dfcffa63882ae93525588af6d405744786202797e95298057b2f",
                "sha256:2ad2ffd1e3308cb231df0f1376992b3e3c38f2418d1f140410b847e43c271dcc",
                "sha256:31cfcab36fc47ab3339c18779d159cda4fc3afa54e877169536dda83fb2d5a29",
                "sha256:38283e3ad4a86f2c027c7d7bb1aedb06676ec61b045daebbc521c62aed7b3f09",
                "sha256:4801f67f39556533ec8f2fbdd183fc3b2bbef8538b92ff8c3795c159dc9266fc",
                "sha256:52b8d65c07f90f53af139e6a756b749878360b2b609baaf239f7a5a025e0b50f",
                "sha256:53b9605ef4eab65859bf556a23af1e294435c58fa4cc6b0bc76390298fac9f69",
                "sha256:5549ba1b63bfdf34a02c348c53d27e67f20c84c613179219aaff1d175a3c28b4",
                "sha256:57f644edfd51efb858c51405f00be4e668d6a72c84693a2e6e0d52f918f0180c",
                "sha256:60605f59c82687fb0748614a5431f0c1da4de28422eb08313279f1fa5423d44e",
                "sha256:62686179ffd467345aa1129c8ba2c508d248fc923dab18f051b05866a8c766e3",
                "sha256:636131cae2a3318331c8cf308d347e40031087187b42fcb7d5e7fa2d86659c97",
                "sha256:6650ebe7fda9460fd5eac47acdc011db07cb927c31ccefc7ec1158ebcbf5cfc8",
                "sha256:6f9c4cc2b3ad0a107e9ade653937f119984972021e94bc989945946052521386",
                "sha256:70095c93efdc4deac237da7a8a2866b7b365138074277795cc28bd884eaf2e82",
                "sha256:7b8cd3999010be8cbac52c808862bae6281b7930fe42d818ce50bb173986ab63",
                "sha256:804df0ac88be32be5ff644e3eee33c68bc40a4a7a6f9d78d1966805a43e6acc1",
                "sha256:836975d33f3f8d5f114b37425d23a6279e23d50050f0d5fde59dde6720b95d05",
                "sha256:9502145bc9c991f19e81f2369c2ff2d5937842baa69862d13f804d50fe06a476",
                "sha256:9c19957ec0cfc32dd3010d8c67d3f16a9b15d356d300cfc872d63aa4f225b41e",
                "sha256:9e02bdd3c2e454832f2a0865d80415f3c409fa52eec099efde0fbd339724a776",
                "sha256:9edb7178252a9ec4b7bba6dfbfb8fa6a1d03f7016a779511b6594604cd967f7e",
                "sha256:a3177d68ea5d764ff43c7780c539e1b970ec14925aca36fd360378bc7a574f24",
                "sha256:a46ed3d2b8e05842988cc46def95febcc2c7b850a5c9a130bcab51cd90d8f05d",
                "sha256:a5fe3ef432aeca24fb58398eeb6cf9ae722a4d6a8d18e739edb61af7cf19645f",
                "sha256:a81614f795852cbeb3472a9e7e4425604f3349f010358c864d267129d9de4e61",
                "sha256:ab708c91ab2218381f34733771d9fda083a7ea5879a6bbb1029e217f4c205f29",
                "sha256:b357d45a018098bdbe309969320465b1f2054966e31924d828838f710cd048fa",
                "sha256:b698556f076f85742d49cf88e4def7d71edb80a3475cc3135dc2ef399e2d4fff",
                "sha256:be6601a2a294406e9ad8501e2034ecf9b98fd147f325013033c1d589e653ddbc",
                "sha256:c82f82d44843f38e96daaccf4e93efc43299c732b0a255b14729173a65fe8272",
                "sha256:d5a5bcc9fa8f3d5899e95ca3506e2084db1b7ede2e196e2877e7e00ff4b7749e",
                "sha256:d8cd73e389db5ef0f6561b46fbf9ea77282c93d04203a6d5a6188f915f869ad8",
                "sha256:e3acaaa7991f6e7042fd5f8bb1676ca812712522366ee87e72cfc52a55a22385",
                "sha256:ec58a13998ef77f83399047aa0df50441f8da39d84c15221bfc67395124800aa",
                "sha256:f45fa0731f329b162ce324797aa365a362162cb74a38c87e46f0e670f5f30cf3",
                "sha256:f7057425307b4759dcda6476d82d35b14c15a44c7c78bb0cc713652b8dd00a87",
                "sha256:fd564276eb2b8bbfb0fff1290cb8f2daa1d4710113dc983c9b24e68aac99d03d"
            ],
            "index": "pypi",
            "version": "==2.0.2"
        }
    },
    "develop": {}
}
